# Checksum SHA-384 (hex) de cada migração já lançada, no mesmo algoritmo que o sqlx usa para
# validar o banco na abertura (`sqlx::migrate!`, ver `sqlx_core::migrate::migration::checksum`):
# SHA-384 do conteúdo exato do arquivo. Uma migração já lançada não pode mudar nem 1 byte —
# comentário incluso — ou o sqlx recusa abrir bancos que já a aplicaram ("previously applied but
# has been modified"). Correção de comentário/typo vira migração NOVA; esta é só a trava.
#
# Regenerar uma linha (nunca à mão): sha384sum src-tauri/migrations/<arquivo>.sql
#
# Esta lista CRESCE a cada release: ao lançar uma migração, adicione a linha dela aqui. Não
# remova nem edite uma linha existente — o teste `migrations_checksum` existe para impedir
# exatamente isso.
20240608000001_person.sql  653209844e6b64a96b4c967134169eb61944751ea9a6f2fa01fd393a6323fb08676a6d7b410df07c2b872b11827cbeed
20240608000002_profile.sql  a33cb1b685ad29577d266d2f180522bf833d10969a93a3424f2048b45d8b8dca9219d915f8e6936da4d4011ba71062b6
20240608000003_account.sql  c6623b1d179bc62bb46acc7a29df95ab250fb717159d12643f8ebb58bd9017fa3059e5075ec0908c7465fea62856750e
20240608000004_category.sql  d6b039001a6ebee70bf65562d30da2837ef125e3b1ac36710f76cd9c66bbb1efa0beaf512e73d18e8f913934284643b9
20240608000005_seed_categories.sql  ef5e5bc48fa1f9256176bfd0ddbd722b8c090973e697248260b6b42685409aa7745128c6679665ddccb0adc522c160ff
20240608000006_transaction.sql  d9194220696ae50227df01981fb513bcbed6f6093105240bd8f6e2966d2b132b220ac449386c8f84102630a471816a0f
20240608000007_split.sql  43b7af85ad7f75f01eba2bb2e38ba95851b1db3255e1f74e160685f1ce156b87b3ca2c66343abd786d965dca0c41b6e2
20240608000008_indexes_core.sql  c1d26cfe9a78578fc493b7c4061a6b099692028457f97da6dfcde951692e59633493d1f52e588eb370ff3600e55fa618
20240608000009_daily_budget.sql  bcee13686dfaac48ed0fdb5907f0659ac51cce7725c0a933fbfb5295dcd115e04007a5e4e61f29185f5f4e190efe41d4
20240608000010_daily_checkin.sql  6c0465c81b978bd44f07c3cc650acf10450ef42c0da66b1aa620e89655cd7b2d19fbfea26f45a8e1cdd6fca6f8848190
20240608000011_reserve.sql  a22b90cb04b2f8f10888a854d6e77d12ac34e3174d5f9e0c500355d9026c396ed1b9757bcc7ec4e982e6a74b29b32855
20240608000012_reserve_snapshot.sql  a48c209a2b56392ac712043acf802e7eb5a7f791a67cea58139ac42b66a916eabf597331bd5e166d8ac5f9a2c611a531
20240608000013_sheet_mapping.sql  d769eb30a1c3facc56a29b8abbb88edbe6cfdafa394b0d7d6523d31b000778f271d931168752f67b5cede21f0f568014
20240608000014_sync_log.sql  5739e8ce293daea9fab1d6f4739b7f83c064025938873ded71abdf5443cbecd4de841d3edecfbabed8a2eaf5a4e9dcbb
20240608000015_fts5.sql  587c2e50c5b702ea9bb768d653b1cb7d7eb4b7658846cc3e6da522c37b2a77b0536040c4d87edb94a1a38fc3920d3290
20240608000016_sheet_layout.sql  2a8bf014fd90054eea995d5fa2fba5ea8ecae14c25242fd0dad679f8463bc80b7e4f077e9af33dc342a4d733922e68e8
20240608000017_expand_sheet_mapping.sql  b4237075eb44e00b0b9f67e7144acd3e6fa0c33d2f571a4a4e992190abee43fb7f3d5b0ecd25b5f31b3e3f35e263bf11
20240608000018_sync_log_checksum.sql  c26728b94439daa11ca0173dcd8452d3b845322d81fb18c804ac2cd749874caa7146905e0579a52bba6a90a38b4f409f
20240612000001_account_liquidity.sql  8158177b0d8ab38dce8e7f2c4a31738511c1895cfce49feb79cf5e5c83a581e12c07f80d95f32708b5a98b1638738005
20240612000002_sheet_daily_balance.sql  df281e10851c07cac19de05c663b52657ea8f30840e4c40cc30b2722f78275cfe50be19b162ae4d7c5736aa8601d3664
20240612000003_tag.sql  c9f6ef1fca9bb154d62a15ebb761b948c8e7940e4e19c69b4daa113d79e56c78eae10c3449ddfd40bd283759619c760b
20240612000004_demote_category_tree.sql  c4fc055bd601c5d5bbfac2d16d30f8e27808606275f946cd93d11f80702a01a057839a030212cf0667af87970759584e
20240612000005_recurrence.sql  f6747305b6df78b1532b20528addc9de7541fce98db97cb64b2cd0407db2a401a2ddc31e7d28e033dd9538cbfb705e08
20240612000006_app_setting.sql  850f1a240e286148e8a1ecdb8a758711732a59743f933c1021d9c307a84bfdb543f2133f39329bf13a83afb412ced979
20240612000007_advanced_reconciliation.sql  1cd1bf8f8b4c5a312dce9c9e3a683c76bac69f78e7a4cf941233c7ff8ff152592d9cd5a62da62a1c02c9969bde874362
20240612000008_fix_daily_mapping.sql  d79fa4808b6b551f659840ccd36e7f0387789d108bcaf37cc4f1e88148472a87c1aaff710696e6bdf302897befcb90c8
20240612000009_sync_log_entity_idx.sql  901179b410e15cbc3d5eee612fd17e77ff5c14e80cb174e36bfcf17c64fa24137319af32447bc9345063df9f40ddaf86
20240612000010_drop_unused_fts.sql  3aa150cf616a92caa52005521a89389dbfbe71df4fe8de4b11b7a8acdbe9a5b43584229a883e9385846504d1e0760963
20240620000001_drop_daily_checkin.sql  522a7cce96ffeb37143b88cb74b015572189894e6a5af4d8a27b1307b2793ce4f93fca9fc98cef14ec10c3cd36fb6b40
20240621000001_tag_exclude_from_totals.sql  fb96128ad808f3bb51079accf7711372f06f787995ce71296acbc47b5009921ba7c1b3833d3f1593ce9dc1fb1290faeb
20260620000001_line_item.sql  7fbd2bcc361352d4137f26fbdf59560a8dcd35b30083f926b288f789aad079b2043945897a8793885c7f3e899e9b159b
20260620000002_line_item_user_edit.sql  712c9027de793341112d7d45bd120ccf9fb9f01b9191dc34ca7d8e21132a374bcd0f9a3af2517e81d0856796e3ef5edb
20260621000001_daily_budget_category.sql  e37a329f0dc6ce64f943dbc24817b8d27c3673887454a67578ccf8e732c394e80525d11b6725bc6a28c5d76cdb28618c
20260621000002_transaction_due_date.sql  f5b985190790a467328a78503e794ee8a7065f3d0bdb364ea7b0a31184943a19c9d2278d2e39d3ac4580940cb766289a
20260621000003_line_item_section.sql  e604d24c929ce90b6cebed0d5978565eb016a7b5ff4dc5197c3ac72497fd1306fe7451e063ba722c47f2eaa742fe8464
20260621000004_economia_annotation.sql  6132bf7dcf2f7dc4897dd4e816b1156acb70a3ccef004a3a122d7462980f4eb4f88691c5f03198576dd8c3ae42e23027
20260622000001_obligation.sql  cdfac37bc3b9524eb227259ade73a7050586e05ea7a5d83add9c4343166ac947fb55e8f76e65a609f4e8dfc9f5600f68
20260623000001_scenario.sql  680687cb634fe1064243f906b4f5413c543c1fee4ff6c4e7292ae33cd147259f7784c9d64840e35b74eee3a3de6e8df4
20260623000002_transaction_scenario_id.sql  cd03f86adb69965afc7511940e18e423bb394b24ac1c6841664c9cf62a1ebefe78dfc947f19f1d12227e843374860891
20260623000003_scenario_override.sql  f776eeba18f3881708a28ced92351fd1c29143fbceeace0d407dde19e3b7c004c230fdfd07e9fc878b8d32fae1f1d3b4
20260624000001_scenario_override_hardening.sql  4a71a783d69b7d4f7f8b4e5cc5dcaa77e82b01bf4b8fbf5df16f5ed0e598d4b7673b7256d65a6801c376bad2094d37c9
20260712000001_scenario_override_unique_targets.sql  55179589c7a12fb31a2b31b2f3a71f2b835a19e04d9caa557947582117c940e133f4d8f7e79d1e88dd4f1854772f3551
20260712000002_scenario_loan.sql  edaa9e75fb7c9a2545c0f1a24c5f2bc5cde2abc58d51c6a239187e12408030e4266c6d60a6e9e5dffdcd661e363e243d
20260713000001_transaction_override_id.sql  f86bfa4d3af977e7e5bc334a7251413aa51269978f219fa3be46f23ff42d6dc0e1c56816489d5e0306fa5c25deaa5d6d
20260718000001_ceiling_proposal.sql  b361cf78b03dcc44d924692735f92a68d0385888b6c82232a6eb9f83cfa128a1f03bb68951d4f1ac2b1b5cfa0249985d
20260718000002_daily_budget_divisor.sql  7adfd7b16eed41844a701d7d88a32271eed3b51fcdfb74ee1b6be5371fc9aa6aef78df374bc4951f7bfb423a8347a1c0
20260719000001_card_domain.sql  6c7356648720d3e6a75263705831117a21cfda1e74ed50b44bc181bbd724d45dc03f15b2fffef0af95e78d448a4a239b
20260719000002_invoice_source_total.sql  ce2ac3705878b4d86d4eab128810f5563a7de3ef8a5f0e3506d0544ed6082b93de3f29a269d5e277dcefdbd65f445ddf
20260723000001_refund_link_indexes.sql  f41a8bdfe7dcf71d245b97b03f882f2a52f9f7b74e50f09709301ec3a2fe9ae7d0bbe02195c0958e4fea9c15a08f301a
20260723000002_tag_ruler_flags.sql  b4172140e0edbcc001d25f55fc89560aaa00bd2162a0b88076d6c37b7ab8aa99eae6890f78a11e60b87bfcd987fb0b08
20260723000003_transaction_counterparty.sql  84d5f4e2e3c2e38227cb37699ea2ab12208a4460d59deee68b6b6dd4b38385ce345d3c34072f7fc35a6e9eb65fed8c02
20260723000004_ceiling_provenance.sql  3b6dcb341586d9953ffbc51dbcb54a6ba2e05892250eb2d8a7087e0ecf61b46c70980c99e43ad6d58dda0bd053b1b309
20260731000001_mia_conversation.sql  d60aabfd5ca84f086ecaa5501abea058023a27d239a2ce98128e8add161a1b93964769f1c63297ca3c1ca4f7766984c6
20260801000001_card_proposal_alias.sql  37dbe6b4c8069fde3c0802d9635b3836d9e66447959316330e52ce4071c8c4c9b4acd91f9b95b6047761e49047f75b12
20260802000001_refund_link_declined.sql  c69b19bd6261523a37aa7f1ccec2ca9ff266c7e7a16fa0ac20ee136bc19adca55d003cb22a2ef748e26ea32cecba5627
20260811000001_snapshot_state.sql  e1106fb4d560aeb933a13ade2dbe38880db402f843d341251d1508689dedc950eaeded420c8e1599a99a4e12149da2c4
20260812000001_snapshot_checkout_state.sql  48572c67bdd3ecbc511a388cf97dbdae406874498da3bf34cfd63e2e8f5b2cb7aa3dc9f8cd77058c7e23f91bfac2470c
20260812000002_snapshot_checkout_outcome.sql  3ef0ee764aff902dcfa890bd5fefa0fcd726372507f3a7d04b0972b51c1312b31f55eea3d0c5490b90937e7c87cbdc29
20260813000001_snapshot_pending_state.sql  c6f90400cf0a91e0b223f007097299ce0c6436a6c1667be961e0c76d61b8527ae3862fcb586eaf2a1db632bab6217d17
20260814000001_snapshot_pending_publish.sql  e5f1aae2cfc0196421813866f286763d8605ba961633745e5aeccb51a2c7df9b0589e7bc737a72f0064573fb6cc6f003
20260814000002_sync_log_sequence.sql  7f6768c46d16569a8fa1a0b9066e50d6a6111c68983682285abd98554828410709405da2d620fa9861947e53e2d6103f
